
Microsoft Visual Studio Solution File, Format Version 12.00
# Visual Studio Version 16
VisualStudioVersion = 16.0.30907.101
MinimumVisualStudioVersion = 10.0.40219.1
Project("{FAE04EC0-301F-11D3-BF4B-00C04F79EFBC}") = "MelBookStore", "MelBookStore\MelBookStore.csproj", "{B652A48B-77D9-42DD-9A68-EB9B5086BC2B}"
EndProject
Global
	GlobalSection(SolutionConfigurationPlatforms) = preSolution
		Debug|Any CPU = Debug|Any CPU
		Release|Any CPU = Release|Any CPU
	EndGlobalSection
	GlobalSection(ProjectConfigurationPlatforms) = postSolution
		{B652A48B-77D9-42DD-9A68-EB9B5086BC2B}.Debug|Any CPU.ActiveCfg = Debug|Any CPU
		{B652A48B-77D9-42DD-9A68-EB9B5086BC2B}.Debug|Any CPU.Build.0 = Debug|Any CPU
		{B652A48B-77D9-42DD-9A68-EB9B5086BC2B}.Release|Any CPU.ActiveCfg = Release|Any CPU
		{B652A48B-77D9-42DD-9A68-EB9B5086BC2B}.Release|Any CPU.Build.0 = Release|Any CPU
	EndGlobalSection
	GlobalSection(SolutionProperties) = preSolution
		HideSolutionNode = FALSE
	EndGlobalSection
	GlobalSection(ExtensibilityGlobals) = postSolution
		SolutionGuid = {EB561826-C005-49B1-8E09-96D8987E74FB}
	EndGlobalSection
EndGlobal
